{
  "nodes": {
    "nixpkgs": {
      "locked": {
        "lastModified": 1771369470,
        "narHash": "sha256-0NBlEBKkN3lufyvFegY4TYv5mCNHbi5OmBDrzihbBMQ=",
        "owner": "nixos",
        "repo": "nixpkgs",
        "rev": "0182a361324364ae3f436a63005877674cf45efb",
        "type": "github"
      },
      "original": {
        "owner": "nixos",
        "ref": "nixos-unstable",
        "repo": "nixpkgs",
        "type": "github"
      }
    },
    "quickshell": {
      "inputs": {
        "nixpkgs": [
          "nixpkgs"
        ]
      },
      "locked": {
        "lastModified": 1776854048,
        "narHash": "sha256-lLbV66V3RMNp1l8/UelmR4YzoJ5ONtgvEtiUMJATH/o=",
        "ref": "refs/heads/master",
        "rev": "783c953987dc56ff0601abe6845ed96f1d00495a",
        "revCount": 806,
        "type": "git",
        "url": "https://git.outfoxxed.me/quickshell/quickshell"
      },
      "original": {
        "rev": "783c953987dc56ff0601abe6845ed96f1d00495a",
        "type": "git",
        "url": "https://git.outfoxxed.me/quickshell/quickshell"
      }
    },
    "root": {
      "inputs": {
        "nixpkgs": "nixpkgs",
        "quickshell": "quickshell"
      }
    }
  },
  "root": "root",
  "version": 7
}
